// !$*UTF8*$!
{
	archiveVersion = 1;
	classes = {
	};
	objectVersion = 50;
	objects = {

/* Begin PBXBuildFile section */
		A996F6F82144F87A008C0E20 /* APIKey.swift in Sources */ = {isa = PBXBuildFile; fileRef = A996F6F72144F87A008C0E20 /* APIKey.swift */; };
		A996F6FA2144F8BF008C0E20 /* Preferences.swift in Sources */ = {isa = PBXBuildFile; fileRef = A996F6F92144F8BF008C0E20 /* Preferences.swift */; };
		A996F6FC2144F8CD008C0E20 /* PreferencesKey.swift in Sources */ = {isa = PBXBuildFile; fileRef = A996F6FB2144F8CD008C0E20 /* PreferencesKey.swift */; };
		A996F7012144F959008C0E20 /* GIFCollectionViewCell.swift in Sources */ = {isa = PBXBuildFile; fileRef = A996F7002144F959008C0E20 /* GIFCollectionViewCell.swift */; };
		A996F7032144FA7C008C0E20 /* DashboardViewController.swift in Sources */ = {isa = PBXBuildFile; fileRef = A996F7022144FA7C008C0E20 /* DashboardViewController.swift */; };
		A996F7052144FAC0008C0E20 /* DashboardViewController+Search.swift in Sources */ = {isa = PBXBuildFile; fileRef = A996F7042144FAC0008C0E20 /* DashboardViewController+Search.swift */; };
		A996F7082144FB41008C0E20 /* GiphyLayout.swift in Sources */ = {isa = PBXBuildFile; fileRef = A996F7072144FB41008C0E20 /* GiphyLayout.swift */; };
		A996F70A214511C9008C0E20 /* DashboardViewModel.swift in Sources */ = {isa = PBXBuildFile; fileRef = A996F709214511C9008C0E20 /* DashboardViewModel.swift */; };
		A996F70C214511FE008C0E20 /* DashboardViewModel+CollectionView.swift in Sources */ = {isa = PBXBuildFile; fileRef = A996F70B214511FE008C0E20 /* DashboardViewModel+CollectionView.swift */; };
		A996F70E21454E6B008C0E20 /* GiphyKit in Resources */ = {isa = PBXBuildFile; fileRef = A996F70D21454E6B008C0E20 /* GiphyKit */; };
		A996F7102145500B008C0E20 /* GiphyAPIClient.swift in Sources */ = {isa = PBXBuildFile; fileRef = A996F70F2145500B008C0E20 /* GiphyAPIClient.swift */; };
		A996F71221456CF5008C0E20 /* Rating.swift in Sources */ = {isa = PBXBuildFile; fileRef = A996F71121456CF5008C0E20 /* Rating.swift */; };
		A996F71421456D3D008C0E20 /* LanguageCode.swift in Sources */ = {isa = PBXBuildFile; fileRef = A996F71321456D3D008C0E20 /* LanguageCode.swift */; };
		A996F71621456D8B008C0E20 /* GIF.swift in Sources */ = {isa = PBXBuildFile; fileRef = A996F71521456D8B008C0E20 /* GIF.swift */; };
		A996F7182145ADA4008C0E20 /* ErrorCode.swift in Sources */ = {isa = PBXBuildFile; fileRef = A996F7172145ADA4008C0E20 /* ErrorCode.swift */; };
		A996F71A2145AE36008C0E20 /* RenditionDesignation.swift in Sources */ = {isa = PBXBuildFile; fileRef = A996F7192145AE36008C0E20 /* RenditionDesignation.swift */; };
		A996F71C2145AE5C008C0E20 /* Rendition.swift in Sources */ = {isa = PBXBuildFile; fileRef = A996F71B2145AE5C008C0E20 /* Rendition.swift */; };
		A996F71E2145AE8E008C0E20 /* RenditionFileType.swift in Sources */ = {isa = PBXBuildFile; fileRef = A996F71D2145AE8E008C0E20 /* RenditionFileType.swift */; };
		A996F7202145AEBD008C0E20 /* RenditionFile.swift in Sources */ = {isa = PBXBuildFile; fileRef = A996F71F2145AEBD008C0E20 /* RenditionFile.swift */; };
		A996F7222145AEFC008C0E20 /* RenditionFileType+Keys.swift in Sources */ = {isa = PBXBuildFile; fileRef = A996F7212145AEFC008C0E20 /* RenditionFileType+Keys.swift */; };
		A996F7242145AF2B008C0E20 /* Formatters.swift in Sources */ = {isa = PBXBuildFile; fileRef = A996F7232145AF2B008C0E20 /* Formatters.swift */; };
		A996F7262145B056008C0E20 /* DashboardViewModel+Preferences.swift in Sources */ = {isa = PBXBuildFile; fileRef = A996F7252145B056008C0E20 /* DashboardViewModel+Preferences.swift */; };
		A996F7282145B0D3008C0E20 /* NotificationName+Preferences.swift in Sources */ = {isa = PBXBuildFile; fileRef = A996F7272145B0D3008C0E20 /* NotificationName+Preferences.swift */; };
		A996F72A21466B7A008C0E20 /* UIImage+GIF.swift in Sources */ = {isa = PBXBuildFile; fileRef = A996F72921466B7A008C0E20 /* UIImage+GIF.swift */; };
		A996F72C21466BD0008C0E20 /* gcd.swift in Sources */ = {isa = PBXBuildFile; fileRef = A996F72B21466BD0008C0E20 /* gcd.swift */; };
		A9D93535214417B9006CC456 /* AppDelegate.swift in Sources */ = {isa = PBXBuildFile; fileRef = A9D93534214417B9006CC456 /* AppDelegate.swift */; };
		A9D9353A214417B9006CC456 /* Main.storyboard in Resources */ = {isa = PBXBuildFile; fileRef = A9D93538214417B9006CC456 /* Main.storyboard */; };
		A9D9353C214417BB006CC456 /* Assets.xcassets in Resources */ = {isa = PBXBuildFile; fileRef = A9D9353B214417BB006CC456 /* Assets.xcassets */; };
		A9D9353F214417BB006CC456 /* LaunchScreen.storyboard in Resources */ = {isa = PBXBuildFile; fileRef = A9D9353D214417BB006CC456 /* LaunchScreen.storyboard */; };
		A9D9354D2144285A006CC456 /* README.md in Resources */ = {isa = PBXBuildFile; fileRef = A9D9354C2144285A006CC456 /* README.md */; };
/* End PBXBuildFile section */

/* Begin PBXFileReference section */
		A996F6F72144F87A008C0E20 /* APIKey.swift */ = {isa = PBXFileReference; lastKnownFileType = sourcecode.swift; path = APIKey.swift; sourceTree = "<group>"; };
		A996F6F92144F8BF008C0E20 /* Preferences.swift */ = {isa = PBXFileReference; lastKnownFileType = sourcecode.swift; path = Preferences.swift; sourceTree = "<group>"; };
		A996F6FB2144F8CD008C0E20 /* PreferencesKey.swift */ = {isa = PBXFileReference; lastKnownFileType = sourcecode.swift; path = PreferencesKey.swift; sourceTree = "<group>"; };
		A996F7002144F959008C0E20 /* GIFCollectionViewCell.swift */ = {isa = PBXFileReference; lastKnownFileType = sourcecode.swift; path = GIFCollectionViewCell.swift; sourceTree = "<group>"; };
		A996F7022144FA7C008C0E20 /* DashboardViewController.swift */ = {isa = PBXFileReference; lastKnownFileType = sourcecode.swift; path = DashboardViewController.swift; sourceTree = "<group>"; };
		A996F7042144FAC0008C0E20 /* DashboardViewController+Search.swift */ = {isa = PBXFileReference; lastKnownFileType = sourcecode.swift; path = "DashboardViewController+Search.swift"; sourceTree = "<group>"; };
		A996F7072144FB41008C0E20 /* GiphyLayout.swift */ = {isa = PBXFileReference; lastKnownFileType = sourcecode.swift; path = GiphyLayout.swift; sourceTree = "<group>"; };
		A996F709214511C9008C0E20 /* DashboardViewModel.swift */ = {isa = PBXFileReference; lastKnownFileType = sourcecode.swift; path = DashboardViewModel.swift; sourceTree = "<group>"; };
		A996F70B214511FE008C0E20 /* DashboardViewModel+CollectionView.swift */ = {isa = PBXFileReference; lastKnownFileType = sourcecode.swift; path = "DashboardViewModel+CollectionView.swift"; sourceTree = "<group>"; };
		A996F70D21454E6B008C0E20 /* GiphyKit */ = {isa = PBXFileReference; lastKnownFileType = folder; path = GiphyKit; sourceTree = "<group>"; };
		A996F70F2145500B008C0E20 /* GiphyAPIClient.swift */ = {isa = PBXFileReference; lastKnownFileType = sourcecode.swift; path = GiphyAPIClient.swift; sourceTree = "<group>"; };
		A996F71121456CF5008C0E20 /* Rating.swift */ = {isa = PBXFileReference; lastKnownFileType = sourcecode.swift; path = Rating.swift; sourceTree = "<group>"; };
		A996F71321456D3D008C0E20 /* LanguageCode.swift */ = {isa = PBXFileReference; lastKnownFileType = sourcecode.swift; path = LanguageCode.swift; sourceTree = "<group>"; };
		A996F71521456D8B008C0E20 /* GIF.swift */ = {isa = PBXFileReference; lastKnownFileType = sourcecode.swift; path = GIF.swift; sourceTree = "<group>"; };
		A996F7172145ADA4008C0E20 /* ErrorCode.swift */ = {isa = PBXFileReference; lastKnownFileType = sourcecode.swift; path = ErrorCode.swift; sourceTree = "<group>"; };
		A996F7192145AE36008C0E20 /* RenditionDesignation.swift */ = {isa = PBXFileReference; lastKnownFileType = sourcecode.swift; path = RenditionDesignation.swift; sourceTree = "<group>"; };
		A996F71B2145AE5C008C0E20 /* Rendition.swift */ = {isa = PBXFileReference; lastKnownFileType = sourcecode.swift; path = Rendition.swift; sourceTree = "<group>"; };
		A996F71D2145AE8E008C0E20 /* RenditionFileType.swift */ = {isa = PBXFileReference; lastKnownFileType = sourcecode.swift; path = RenditionFileType.swift; sourceTree = "<group>"; };
		A996F71F2145AEBD008C0E20 /* RenditionFile.swift */ = {isa = PBXFileReference; lastKnownFileType = sourcecode.swift; path = RenditionFile.swift; sourceTree = "<group>"; };
		A996F7212145AEFC008C0E20 /* RenditionFileType+Keys.swift */ = {isa = PBXFileReference; lastKnownFileType = sourcecode.swift; path = "RenditionFileType+Keys.swift"; sourceTree = "<group>"; };
		A996F7232145AF2B008C0E20 /* Formatters.swift */ = {isa = PBXFileReference; lastKnownFileType = sourcecode.swift; path = Formatters.swift; sourceTree = "<group>"; };
		A996F7252145B056008C0E20 /* DashboardViewModel+Preferences.swift */ = {isa = PBXFileReference; lastKnownFileType = sourcecode.swift; path = "DashboardViewModel+Preferences.swift"; sourceTree = "<group>"; };
		A996F7272145B0D3008C0E20 /* NotificationName+Preferences.swift */ = {isa = PBXFileReference; lastKnownFileType = sourcecode.swift; path = "NotificationName+Preferences.swift"; sourceTree = "<group>"; };
		A996F72921466B7A008C0E20 /* UIImage+GIF.swift */ = {isa = PBXFileReference; lastKnownFileType = sourcecode.swift; path = "UIImage+GIF.swift"; sourceTree = "<group>"; };
		A996F72B21466BD0008C0E20 /* gcd.swift */ = {isa = PBXFileReference; lastKnownFileType = sourcecode.swift; path = gcd.swift; sourceTree = "<group>"; };
		A9D93531214417B9006CC456 /* GIFSearcher.app */ = {isa = PBXFileReference; explicitFileType = wrapper.application; includeInIndex = 0; path = GIFSearcher.app; sourceTree = BUILT_PRODUCTS_DIR; };
		A9D93534214417B9006CC456 /* AppDelegate.swift */ = {isa = PBXFileReference; lastKnownFileType = sourcecode.swift; path = AppDelegate.swift; sourceTree = "<group>"; };
		A9D93539214417B9006CC456 /* Base */ = {isa = PBXFileReference; lastKnownFileType = file.storyboard; name = Base; path = Base.lproj/Main.storyboard; sourceTree = "<group>"; };
		A9D9353B214417BB006CC456 /* Assets.xcassets */ = {isa = PBXFileReference; lastKnownFileType = folder.assetcatalog; path = Assets.xcassets; sourceTree = "<group>"; };
		A9D9353E214417BB006CC456 /* Base */ = {isa = PBXFileReference; lastKnownFileType = file.storyboard; name = Base; path = Base.lproj/LaunchScreen.storyboard; sourceTree = "<group>"; };
		A9D93540214417BB006CC456 /* Info.plist */ = {isa = PBXFileReference; lastKnownFileType = text.plist.xml; path = Info.plist; sourceTree = "<group>"; };
		A9D9354C2144285A006CC456 /* README.md */ = {isa = PBXFileReference; fileEncoding = 4; lastKnownFileType = net.daringfireball.markdown; path = README.md; sourceTree = "<group>"; };
/* End PBXFileReference section */

/* Begin PBXFrameworksBuildPhase section */
		A9D9352E214417B9006CC456 /* Frameworks */ = {
			isa = PBXFrameworksBuildPhase;
			buildActionMask = 2147483647;
			files = (
			);
			runOnlyForDeploymentPostprocessing = 0;
		};
/* End PBXFrameworksBuildPhase section */

/* Begin PBXGroup section */
		A996F6FD2144F912008C0E20 /* CustomCell */ = {
			isa = PBXGroup;
			children = (
				A996F7002144F959008C0E20 /* GIFCollectionViewCell.swift */,
			);
			path = CustomCell;
			sourceTree = "<group>";
		};
		A996F6FE2144F91C008C0E20 /* Controllers */ = {
			isa = PBXGroup;
			children = (
				A996F6FF2144F92D008C0E20 /* ViewControllers */,
				A996F70F2145500B008C0E20 /* GiphyAPIClient.swift */,
			);
			path = Controllers;
			sourceTree = "<group>";
		};
		A996F6FF2144F92D008C0E20 /* ViewControllers */ = {
			isa = PBXGroup;
			children = (
				A996F7022144FA7C008C0E20 /* DashboardViewController.swift */,
				A996F7042144FAC0008C0E20 /* DashboardViewController+Search.swift */,
				A9D93538214417B9006CC456 /* Main.storyboard */,
			);
			path = ViewControllers;
			sourceTree = "<group>";
		};
		A996F7062144FAFA008C0E20 /* UICollectionViewLayout */ = {
			isa = PBXGroup;
			children = (
				A996F7072144FB41008C0E20 /* GiphyLayout.swift */,
			);
			name = UICollectionViewLayout;
			sourceTree = "<group>";
		};
		A9D93528214417B9006CC456 = {
			isa = PBXGroup;
			children = (
				A9D9354C2144285A006CC456 /* README.md */,
				A9D93533214417B9006CC456 /* GIFSearcher */,
				A996F70D21454E6B008C0E20 /* GiphyKit */,
				A9D93532214417B9006CC456 /* Products */,
			);
			sourceTree = "<group>";
		};
		A9D93532214417B9006CC456 /* Products */ = {
			isa = PBXGroup;
			children = (
				A9D93531214417B9006CC456 /* GIFSearcher.app */,
			);
			name = Products;
			sourceTree = "<group>";
		};
		A9D93533214417B9006CC456 /* GIFSearcher */ = {
			isa = PBXGroup;
			children = (
				A9D93534214417B9006CC456 /* AppDelegate.swift */,
				A9D9354F214428C6006CC456 /* Extensions */,
				A9D93550214428DC006CC456 /* App Boilerplate */,
				A9D935532144292C006CC456 /* ViewModel */,
				A9D9355221442924006CC456 /* View */,
				A9D935512144291D006CC456 /* Model */,
				A9D9353B214417BB006CC456 /* Assets.xcassets */,
			);
			path = GIFSearcher;
			sourceTree = "<group>";
		};
		A9D9354F214428C6006CC456 /* Extensions */ = {
			isa = PBXGroup;
			children = (
				A996F7272145B0D3008C0E20 /* NotificationName+Preferences.swift */,
				A996F72921466B7A008C0E20 /* UIImage+GIF.swift */,
				A996F72B21466BD0008C0E20 /* gcd.swift */,
			);
			path = Extensions;
			sourceTree = "<group>";
		};
		A9D93550214428DC006CC456 /* App Boilerplate */ = {
			isa = PBXGroup;
			children = (
				A9D93540214417BB006CC456 /* Info.plist */,
				A9D9353D214417BB006CC456 /* LaunchScreen.storyboard */,
			);
			path = "App Boilerplate";
			sourceTree = "<group>";
		};
		A9D935512144291D006CC456 /* Model */ = {
			isa = PBXGroup;
			children = (
				A996F6F72144F87A008C0E20 /* APIKey.swift */,
				A996F6F92144F8BF008C0E20 /* Preferences.swift */,
				A996F6FB2144F8CD008C0E20 /* PreferencesKey.swift */,
				A996F71121456CF5008C0E20 /* Rating.swift */,
				A996F71321456D3D008C0E20 /* LanguageCode.swift */,
				A996F71521456D8B008C0E20 /* GIF.swift */,
				A996F7172145ADA4008C0E20 /* ErrorCode.swift */,
				A996F7192145AE36008C0E20 /* RenditionDesignation.swift */,
				A996F71B2145AE5C008C0E20 /* Rendition.swift */,
				A996F71D2145AE8E008C0E20 /* RenditionFileType.swift */,
				A996F71F2145AEBD008C0E20 /* RenditionFile.swift */,
				A996F7212145AEFC008C0E20 /* RenditionFileType+Keys.swift */,
				A996F7232145AF2B008C0E20 /* Formatters.swift */,
			);
			path = Model;
			sourceTree = "<group>";
		};
		A9D9355221442924006CC456 /* View */ = {
			isa = PBXGroup;
			children = (
				A996F7062144FAFA008C0E20 /* UICollectionViewLayout */,
				A996F6FE2144F91C008C0E20 /* Controllers */,
				A996F6FD2144F912008C0E20 /* CustomCell */,
			);
			path = View;
			sourceTree = "<group>";
		};
		A9D935532144292C006CC456 /* ViewModel */ = {
			isa = PBXGroup;
			children = (
				A996F709214511C9008C0E20 /* DashboardViewModel.swift */,
				A996F70B214511FE008C0E20 /* DashboardViewModel+CollectionView.swift */,
				A996F7252145B056008C0E20 /* DashboardViewModel+Preferences.swift */,
			);
			path = ViewModel;
			sourceTree = "<group>";
		};
/* End PBXGroup section */

/* Begin PBXNativeTarget section */
		A9D93530214417B9006CC456 /* GIFSearcher */ = {
			isa = PBXNativeTarget;
			buildConfigurationList = A9D93543214417BB006CC456 /* Build configuration list for PBXNativeTarget "GIFSearcher" */;
			buildPhases = (
				A9D9352D214417B9006CC456 /* Sources */,
				A9D9352E214417B9006CC456 /* Frameworks */,
				A9D9352F214417B9006CC456 /* Resources */,
			);
			buildRules = (
			);
			dependencies = (
			);
			name = GIFSearcher;
			productName = GIFSearcher;
			productReference = A9D93531214417B9006CC456 /* GIFSearcher.app */;
			productType = "com.apple.product-type.application";
		};
/* End PBXNativeTarget section */

/* Begin PBXProject section */
		A9D93529214417B9006CC456 /* Project object */ = {
			isa = PBXProject;
			attributes = {
				KnownAssetTags = (
					md,
				);
				LastSwiftUpdateCheck = 0940;
				LastUpgradeCheck = 0940;
				ORGANIZATIONNAME = "Константин Клинов";
				TargetAttributes = {
					A9D93530214417B9006CC456 = {
						CreatedOnToolsVersion = 9.4.1;
					};
				};
			};
			buildConfigurationList = A9D9352C214417B9006CC456 /* Build configuration list for PBXProject "GIFSearcher" */;
			compatibilityVersion = "Xcode 9.3";
			developmentRegion = en;
			hasScannedForEncodings = 0;
			knownRegions = (
				en,
				Base,
			);
			mainGroup = A9D93528214417B9006CC456;
			productRefGroup = A9D93532214417B9006CC456 /* Products */;
			projectDirPath = "";
			projectRoot = "";
			targets = (
				A9D93530214417B9006CC456 /* GIFSearcher */,
			);
		};
/* End PBXProject section */

/* Begin PBXResourcesBuildPhase section */
		A9D9352F214417B9006CC456 /* Resources */ = {
			isa = PBXResourcesBuildPhase;
			buildActionMask = 2147483647;
			files = (
				A9D9353F214417BB006CC456 /* LaunchScreen.storyboard in Resources */,
				A9D9353C214417BB006CC456 /* Assets.xcassets in Resources */,
				A996F70E21454E6B008C0E20 /* GiphyKit in Resources */,
				A9D9354D2144285A006CC456 /* README.md in Resources */,
				A9D9353A214417B9006CC456 /* Main.storyboard in Resources */,
			);
			runOnlyForDeploymentPostprocessing = 0;
		};
/* End PBXResourcesBuildPhase section */

/* Begin PBXSourcesBuildPhase section */
		A9D9352D214417B9006CC456 /* Sources */ = {
			isa = PBXSourcesBuildPhase;
			buildActionMask = 2147483647;
			files = (
				A996F71C2145AE5C008C0E20 /* Rendition.swift in Sources */,
				A996F71221456CF5008C0E20 /* Rating.swift in Sources */,
				A996F7282145B0D3008C0E20 /* NotificationName+Preferences.swift in Sources */,
				A996F70C214511FE008C0E20 /* DashboardViewModel+CollectionView.swift in Sources */,
				A996F7052144FAC0008C0E20 /* DashboardViewController+Search.swift in Sources */,
				A996F7012144F959008C0E20 /* GIFCollectionViewCell.swift in Sources */,
				A996F7102145500B008C0E20 /* GiphyAPIClient.swift in Sources */,
				A996F7242145AF2B008C0E20 /* Formatters.swift in Sources */,
				A996F7202145AEBD008C0E20 /* RenditionFile.swift in Sources */,
				A996F7182145ADA4008C0E20 /* ErrorCode.swift in Sources */,
				A996F7222145AEFC008C0E20 /* RenditionFileType+Keys.swift in Sources */,
				A996F71A2145AE36008C0E20 /* RenditionDesignation.swift in Sources */,
				A996F7082144FB41008C0E20 /* GiphyLayout.swift in Sources */,
				A996F71621456D8B008C0E20 /* GIF.swift in Sources */,
				A996F70A214511C9008C0E20 /* DashboardViewModel.swift in Sources */,
				A996F7262145B056008C0E20 /* DashboardViewModel+Preferences.swift in Sources */,
				A996F71421456D3D008C0E20 /* LanguageCode.swift in Sources */,
				A996F7032144FA7C008C0E20 /* DashboardViewController.swift in Sources */,
				A996F6F82144F87A008C0E20 /* APIKey.swift in Sources */,
				A996F6FA2144F8BF008C0E20 /* Preferences.swift in Sources */,
				A9D93535214417B9006CC456 /* AppDelegate.swift in Sources */,
				A996F71E2145AE8E008C0E20 /* RenditionFileType.swift in Sources */,
				A996F72C21466BD0008C0E20 /* gcd.swift in Sources */,
				A996F72A21466B7A008C0E20 /* UIImage+GIF.swift in Sources */,
				A996F6FC2144F8CD008C0E20 /* PreferencesKey.swift in Sources */,
			);
			runOnlyForDeploymentPostprocessing = 0;
		};
/* End PBXSourcesBuildPhase section */

/* Begin PBXVariantGroup section */
		A9D93538214417B9006CC456 /* Main.storyboard */ = {
			isa = PBXVariantGroup;
			children = (
				A9D93539214417B9006CC456 /* Base */,
			);
			name = Main.storyboard;
			sourceTree = "<group>";
		};
		A9D9353D214417BB006CC456 /* LaunchScreen.storyboard */ = {
			isa = PBXVariantGroup;
			children = (
				A9D9353E214417BB006CC456 /* Base */,
			);
			name = LaunchScreen.storyboard;
			sourceTree = "<group>";
		};
/* End PBXVariantGroup section */

/* Begin XCBuildConfiguration section */
		A9D93541214417BB006CC456 /* Debug */ = {
			isa = XCBuildConfiguration;
			buildSettings = {
				ALWAYS_SEARCH_USER_PATHS = NO;
				CLANG_ANALYZER_NONNULL = YES;
				CLANG_ANALYZER_NUMBER_OBJECT_CONVERSION = YES_AGGRESSIVE;
				CLANG_CXX_LANGUAGE_STANDARD = "gnu++14";
				CLANG_CXX_LIBRARY = "libc++";
				CLANG_ENABLE_MODULES = YES;
				CLANG_ENABLE_OBJC_ARC = YES;
				CLANG_ENABLE_OBJC_WEAK = YES;
				CLANG_WARN_BLOCK_CAPTURE_AUTORELEASING = YES;
				CLANG_WARN_BOOL_CONVERSION = YES;
				CLANG_WARN_COMMA = YES;
				CLANG_WARN_CONSTANT_CONVERSION = YES;
				CLANG_WARN_DEPRECATED_OBJC_IMPLEMENTATIONS = YES;
				CLANG_WARN_DIRECT_OBJC_ISA_USAGE = YES_ERROR;
				CLANG_WARN_DOCUMENTATION_COMMENTS = YES;
				CLANG_WARN_EMPTY_BODY = YES;
				CLANG_WARN_ENUM_CONVERSION = YES;
				CLANG_WARN_INFINITE_RECURSION = YES;
				CLANG_WARN_INT_CONVERSION = YES;
				CLANG_WARN_NON_LITERAL_NULL_CONVERSION = YES;
				CLANG_WARN_OBJC_IMPLICIT_RETAIN_SELF = YES;
				CLANG_WARN_OBJC_LITERAL_CONVERSION = YES;
				CLANG_WARN_OBJC_ROOT_CLASS = YES_ERROR;
				CLANG_WARN_RANGE_LOOP_ANALYSIS = YES;
				CLANG_WARN_STRICT_PROTOTYPES = YES;
				CLANG_WARN_SUSPICIOUS_MOVE = YES;
				CLANG_WARN_UNGUARDED_AVAILABILITY = YES_AGGRESSIVE;
				CLANG_WARN_UNREACHABLE_CODE = YES;
				CLANG_WARN__DUPLICATE_METHOD_MATCH = YES;
				CODE_SIGN_IDENTITY = "iPhone Developer";
				COPY_PHASE_STRIP = NO;
				DEBUG_INFORMATION_FORMAT = dwarf;
				ENABLE_STRICT_OBJC_MSGSEND = YES;
				ENABLE_TESTABILITY = YES;
				GCC_C_LANGUAGE_STANDARD = gnu11;
				GCC_DYNAMIC_NO_PIC = NO;
				GCC_NO_COMMON_BLOCKS = YES;
				GCC_OPTIMIZATION_LEVEL = 0;
				GCC_PREPROCESSOR_DEFINITIONS = (
					"DEBUG=1",
					"$(inherited)",
				);
				GCC_WARN_64_TO_32_BIT_CONVERSION = YES;
				GCC_WARN_ABOUT_RETURN_TYPE = YES_ERROR;
				GCC_WARN_UNDECLARED_SELECTOR = YES;
				GCC_WARN_UNINITIALIZED_AUTOS = YES_AGGRESSIVE;
				GCC_WARN_UNUSED_FUNCTION = YES;
				GCC_WARN_UNUSED_VARIABLE = YES;
				IPHONEOS_DEPLOYMENT_TARGET = 11.4;
				MTL_ENABLE_DEBUG_INFO = YES;
				ONLY_ACTIVE_ARCH = YES;
				SDKROOT = iphoneos;
				SWIFT_ACTIVE_COMPILATION_CONDITIONS = DEBUG;
				SWIFT_OPTIMIZATION_LEVEL = "-Onone";
			};
			name = Debug;
		};
		A9D93542214417BB006CC456 /* Release */ = {
			isa = XCBuildConfiguration;
			buildSettings = {
				ALWAYS_SEARCH_USER_PATHS = NO;
				CLANG_ANALYZER_NONNULL = YES;
				CLANG_ANALYZER_NUMBER_OBJECT_CONVERSION = YES_AGGRESSIVE;
				CLANG_CXX_LANGUAGE_STANDARD = "gnu++14";
				CLANG_CXX_LIBRARY = "libc++";
				CLANG_ENABLE_MODULES = YES;
				CLANG_ENABLE_OBJC_ARC = YES;
				CLANG_ENABLE_OBJC_WEAK = YES;
				CLANG_WARN_BLOCK_CAPTURE_AUTORELEASING = YES;
				CLANG_WARN_BOOL_CONVERSION = YES;
				CLANG_WARN_COMMA = YES;
				CLANG_WARN_CONSTANT_CONVERSION = YES;
				CLANG_WARN_DEPRECATED_OBJC_IMPLEMENTATIONS = YES;
				CLANG_WARN_DIRECT_OBJC_ISA_USAGE = YES_ERROR;
				CLANG_WARN_DOCUMENTATION_COMMENTS = YES;
				CLANG_WARN_EMPTY_BODY = YES;
				CLANG_WARN_ENUM_CONVERSION = YES;
				CLANG_WARN_INFINITE_RECURSION = YES;
				CLANG_WARN_INT_CONVERSION = YES;
				CLANG_WARN_NON_LITERAL_NULL_CONVERSION = YES;
				CLANG_WARN_OBJC_IMPLICIT_RETAIN_SELF = YES;
				CLANG_WARN_OBJC_LITERAL_CONVERSION = YES;
				CLANG_WARN_OBJC_ROOT_CLASS = YES_ERROR;
				CLANG_WARN_RANGE_LOOP_ANALYSIS = YES;
				CLANG_WARN_STRICT_PROTOTYPES = YES;
				CLANG_WARN_SUSPICIOUS_MOVE = YES;
				CLANG_WARN_UNGUARDED_AVAILABILITY = YES_AGGRESSIVE;
				CLANG_WARN_UNREACHABLE_CODE = YES;
				CLANG_WARN__DUPLICATE_METHOD_MATCH = YES;
				CODE_SIGN_IDENTITY = "iPhone Developer";
				COPY_PHASE_STRIP = NO;
				DEBUG_INFORMATION_FORMAT = "dwarf-with-dsym";
				ENABLE_NS_ASSERTIONS = NO;
				ENABLE_STRICT_OBJC_MSGSEND = YES;
				GCC_C_LANGUAGE_STANDARD = gnu11;
				GCC_NO_COMMON_BLOCKS = YES;
				GCC_WARN_64_TO_32_BIT_CONVERSION = YES;
				GCC_WARN_ABOUT_RETURN_TYPE = YES_ERROR;
				GCC_WARN_UNDECLARED_SELECTOR = YES;
				GCC_WARN_UNINITIALIZED_AUTOS = YES_AGGRESSIVE;
				GCC_WARN_UNUSED_FUNCTION = YES;
				GCC_WARN_UNUSED_VARIABLE = YES;
				IPHONEOS_DEPLOYMENT_TARGET = 11.4;
				MTL_ENABLE_DEBUG_INFO = NO;
				SDKROOT = iphoneos;
				SWIFT_COMPILATION_MODE = wholemodule;
				SWIFT_OPTIMIZATION_LEVEL = "-O";
				VALIDATE_PRODUCT = YES;
			};
			name = Release;
		};
		A9D93544214417BB006CC456 /* Debug */ = {
			isa = XCBuildConfiguration;
			buildSettings = {
				ASSETCATALOG_COMPILER_APPICON_NAME = AppIcon;
				CODE_SIGN_IDENTITY = "iPhone Developer";
				CODE_SIGN_STYLE = Automatic;
				DEVELOPMENT_TEAM = "";
				INFOPLIST_FILE = "$(SRCROOT)/GIFSearcher/App Boilerplate/Info.plist";
				LD_RUNPATH_SEARCH_PATHS = (
					"$(inherited)",
					"@executable_path/Frameworks",
				);
				PRODUCT_BUNDLE_IDENTIFIER = KKi.GIFSearcher;
				PRODUCT_NAME = "$(TARGET_NAME)";
				PROVISIONING_PROFILE_SPECIFIER = "";
				SWIFT_VERSION = 4.0;
				TARGETED_DEVICE_FAMILY = "1,2";
			};
			name = Debug;
		};
		A9D93545214417BB006CC456 /* Release */ = {
			isa = XCBuildConfiguration;
			buildSettings = {
				ASSETCATALOG_COMPILER_APPICON_NAME = AppIcon;
				CODE_SIGN_IDENTITY = "iPhone Developer";
				CODE_SIGN_STYLE = Automatic;
				DEVELOPMENT_TEAM = "";
				INFOPLIST_FILE = "$(SRCROOT)/GIFSearcher/App Boilerplate/Info.plist";
				LD_RUNPATH_SEARCH_PATHS = (
					"$(inherited)",
					"@executable_path/Frameworks",
				);
				PRODUCT_BUNDLE_IDENTIFIER = KKi.GIFSearcher;
				PRODUCT_NAME = "$(TARGET_NAME)";
				PROVISIONING_PROFILE_SPECIFIER = "";
				SWIFT_VERSION = 4.0;
				TARGETED_DEVICE_FAMILY = "1,2";
			};
			name = Release;
		};
/* End XCBuildConfiguration section */

/* Begin XCConfigurationList section */
		A9D9352C214417B9006CC456 /* Build configuration list for PBXProject "GIFSearcher" */ = {
			isa = XCConfigurationList;
			buildConfigurations = (
				A9D93541214417BB006CC456 /* Debug */,
				A9D93542214417BB006CC456 /* Release */,
			);
			defaultConfigurationIsVisible = 0;
			defaultConfigurationName = Release;
		};
		A9D93543214417BB006CC456 /* Build configuration list for PBXNativeTarget "GIFSearcher" */ = {
			isa = XCConfigurationList;
			buildConfigurations = (
				A9D93544214417BB006CC456 /* Debug */,
				A9D93545214417BB006CC456 /* Release */,
			);
			defaultConfigurationIsVisible = 0;
			defaultConfigurationName = Release;
		};
/* End XCConfigurationList section */
	};
	rootObject = A9D93529214417B9006CC456 /* Project object */;
}
